
Microsoft Visual Studio Solution File, Format Version 12.00
# Visual Studio Version 16
VisualStudioVersion = 16.0.30907.101
MinimumVisualStudioVersion = 10.0.40219.1
Project("{9A19103F-16F7-4668-BE54-9A1E7A4F7556}") = "PilhaDeFolhas", "PilhaDeFolhas\PilhaDeFolhas.csproj", "{12CCFC7F-A459-44FB-A90A-CF49C5DCD98B}"
EndProject
Project("{2150E333-8FDC-42A3-9474-1A3956D46DE8}") = "Solution Items", "Solution Items", "{EFF9C38A-CD51-45F1-9C88-008E9D7969C8}"
	ProjectSection(SolutionItems) = preProject
		.gitignore = .gitignore
	EndProjectSection
EndProject
Global
	GlobalSection(SolutionConfigurationPlatforms) = preSolution
		Debug|Any CPU = Debug|Any CPU
		Release|Any CPU = Release|Any CPU
	EndGlobalSection
	GlobalSection(ProjectConfigurationPlatforms) = postSolution
		{12CCFC7F-A459-44FB-A90A-CF49C5DCD98B}.Debug|Any CPU.ActiveCfg = Debug|Any CPU
		{12CCFC7F-A459-44FB-A90A-CF49C5DCD98B}.Debug|Any CPU.Build.0 = Debug|Any CPU
		{12CCFC7F-A459-44FB-A90A-CF49C5DCD98B}.Release|Any CPU.ActiveCfg = Release|Any CPU
		{12CCFC7F-A459-44FB-A90A-CF49C5DCD98B}.Release|Any CPU.Build.0 = Release|Any CPU
	EndGlobalSection
	GlobalSection(SolutionProperties) = preSolution
		HideSolutionNode = FALSE
	EndGlobalSection
	GlobalSection(ExtensibilityGlobals) = postSolution
		SolutionGuid = {8489F2BA-90F2-435E-ADA0-5611F1E5C1C9}
	EndGlobalSection
EndGlobal
